
Microsoft Visual Studio Solution File, Format Version 12.00
# Visual Studio 15
VisualStudioVersion = 15.0.27703.2042
MinimumVisualStudioVersion = 10.0.40219.1
Project("{FAE04EC0-301F-11D3-BF4B-00C04F79EFBC}") = "MyTripCountdown.Android", "MyTripCountdown\MyTripCountdown.Android\MyTripCountdown.Android.csproj", "{FEE0CF89-D950-45D7-96C2-9574B55B5D57}"
EndProject
Project("{FAE04EC0-301F-11D3-BF4B-00C04F79EFBC}") = "MyTripCountdown.iOS", "MyTripCountdown\MyTripCountdown.iOS\MyTripCountdown.iOS.csproj", "{BE5DC283-A468-4A4D-AC75-7EACC3CE14D7}"
EndProject
Project("{9A19103F-16F7-4668-BE54-9A1E7A4F7556}") = "MyTripCountdown", "MyTripCountdown\MyTripCountdown\MyTripCountdown.csproj", "{DF6F3B94-4D9A-4A6E-BBD9-A1B5CC3DCB61}"
EndProject
Global
	GlobalSection(SolutionConfigurationPlatforms) = preSolution
		Ad-Hoc|Any CPU = Ad-Hoc|Any CPU
		Ad-Hoc|ARM = Ad-Hoc|ARM
		Ad-Hoc|iPhone = Ad-Hoc|iPhone
		Ad-Hoc|iPhoneSimulator = Ad-Hoc|iPhoneSimulator
		Ad-Hoc|x64 = Ad-Hoc|x64
		Ad-Hoc|x86 = Ad-Hoc|x86
		AppStore|Any CPU = AppStore|Any CPU
		AppStore|ARM = AppStore|ARM
		AppStore|iPhone = AppStore|iPhone
		AppStore|iPhoneSimulator = AppStore|iPhoneSimulator
		AppStore|x64 = AppStore|x64
		AppStore|x86 = AppStore|x86
		Debug|Any CPU = Debug|Any CPU
		Debug|ARM = Debug|ARM
		Debug|iPhone = Debug|iPhone
		Debug|iPhoneSimulator = Debug|iPhoneSimulator
		Debug|x64 = Debug|x64
		Debug|x86 = Debug|x86
		Release|Any CPU = Release|Any CPU
		Release|ARM = Release|ARM
		Release|iPhone = Release|iPhone
		Release|iPhoneSimulator = Release|iPhoneSimulator
		Release|x64 = Release|x64
		Release|x86 = Release|x86
	EndGlobalSection
	GlobalSection(ProjectConfigurationPlatforms) = postSolution
		{FEE0CF89-D950-45D7-96C2-9574B55B5D57}.Ad-Hoc|Any CPU.ActiveCfg = Release|Any CPU
		{FEE0CF89-D950-45D7-96C2-9574B55B5D57}.Ad-Hoc|Any CPU.Build.0 = Release|Any CPU
		{FEE0CF89-D950-45D7-96C2-9574B55B5D57}.Ad-Hoc|Any CPU.Deploy.0 = Release|Any CPU
		{FEE0CF89-D950-45D7-96C2-9574B55B5D57}.Ad-Hoc|ARM.ActiveCfg = Release|Any CPU
		{FEE0CF89-D950-45D7-96C2-9574B55B5D57}.Ad-Hoc|ARM.Build.0 = Release|Any CPU
		{FEE0CF89-D950-45D7-96C2-9574B55B5D57}.Ad-Hoc|ARM.Deploy.0 = Release|Any CPU
		{FEE0CF89-D950-45D7-96C2-9574B55B5D57}.Ad-Hoc|iPhone.ActiveCfg = Release|Any CPU
		{FEE0CF89-D950-45D7-96C2-9574B55B5D57}.Ad-Hoc|iPhone.Build.0 = Release|Any CPU
		{FEE0CF89-D950-45D7-96C2-9574B55B5D57}.Ad-Hoc|iPhone.Deploy.0 = Release|Any CPU
		{FEE0CF89-D950-45D7-96C2-9574B55B5D57}.Ad-Hoc|iPhoneSimulator.ActiveCfg = Release|Any CPU
		{FEE0CF89-D950-45D7-96C2-9574B55B5D57}.Ad-Hoc|iPhoneSimulator.Build.0 = Release|Any CPU
		{FEE0CF89-D950-45D7-96C2-9574B55B5D57}.Ad-Hoc|iPhoneSimulator.Deploy.0 = Release|Any CPU
		{FEE0CF89-D950-45D7-96C2-9574B55B5D57}.Ad-Hoc|x64.ActiveCfg = Release|Any CPU
		{FEE0CF89-D950-45D7-96C2-9574B55B5D57}.Ad-Hoc|x64.Build.0 = Release|Any CPU
		{FEE0CF89-D950-45D7-96C2-9574B55B5D57}.Ad-Hoc|x64.Deploy.0 = Release|Any CPU
		{FEE0CF89-D950-45D7-96C2-9574B55B5D57}.Ad-Hoc|x86.ActiveCfg = Release|Any CPU
		{FEE0CF89-D950-45D7-96C2-9574B55B5D57}.Ad-Hoc|x86.Build.0 = Release|Any CPU
		{FEE0CF89-D950-45D7-96C2-9574B55B5D57}.Ad-Hoc|x86.Deploy.0 = Release|Any CPU
		{FEE0CF89-D950-45D7-96C2-9574B55B5D57}.AppStore|Any CPU.ActiveCfg = Release|Any CPU
		{FEE0CF89-D950-45D7-96C2-9574B55B5D57}.AppStore|Any CPU.Build.0 = Release|Any CPU
		{FEE0CF89-D950-45D7-96C2-9574B55B5D57}.AppStore|Any CPU.Deploy.0 = Release|Any CPU
		{FEE0CF89-D950-45D7-96C2-9574B55B5D57}.AppStore|ARM.ActiveCfg = Release|Any CPU
		{FEE0CF89-D950-45D7-96C2-9574B55B5D57}.AppStore|ARM.Build.0 = Release|Any CPU
		{FEE0CF89-D950-45D7-96C2-9574B55B5D57}.AppStore|ARM.Deploy.0 = Release|Any CPU
		{FEE0CF89-D950-45D7-96C2-9574B55B5D57}.AppStore|iPhone.ActiveCfg = Release|Any CPU
		{FEE0CF89-D950-45D7-96C2-9574B55B5D57}.AppStore|iPhone.Build.0 = Release|Any CPU
		{FEE0CF89-D950-45D7-96C2-9574B55B5D57}.AppStore|iPhone.Deploy.0 = Release|Any CPU
		{FEE0CF89-D950-45D7-96C2-9574B55B5D57}.AppStore|iPhoneSimulator.ActiveCfg = Release|Any CPU
		{FEE0CF89-D950-45D7-96C2-9574B55B5D57}.AppStore|iPhoneSimulator.Build.0 = Release|Any CPU
		{FEE0CF89-D950-45D7-96C2-9574B55B5D57}.AppStore|iPhoneSimulator.Deploy.0 = Release|Any CPU
		{FEE0CF89-D950-45D7-96C2-9574B55B5D57}.AppStore|x64.ActiveCfg = Release|Any CPU
		{FEE0CF89-D950-45D7-96C2-9574B55B5D57}.AppStore|x64.Build.0 = Release|Any CPU
		{FEE0CF89-D950-45D7-96C2-9574B55B5D57}.AppStore|x64.Deploy.0 = Release|Any CPU
		{FEE0CF89-D950-45D7-96C2-9574B55B5D57}.AppStore|x86.ActiveCfg = Release|Any CPU
		{FEE0CF89-D950-45D7-96C2-9574B55B5D57}.AppStore|x86.Build.0 = Release|Any CPU
		{FEE0CF89-D950-45D7-96C2-9574B55B5D57}.AppStore|x86.Deploy.0 = Release|Any CPU
		{FEE0CF89-D950-45D7-96C2-9574B55B5D57}.Debug|Any CPU.ActiveCfg = Debug|Any CPU
		{FEE0CF89-D950-45D7-96C2-9574B55B5D57}.Debug|Any CPU.Build.0 = Debug|Any CPU
		{FEE0CF89-D950-45D7-96C2-9574B55B5D57}.Debug|Any CPU.Deploy.0 = Debug|Any CPU
		{FEE0CF89-D950-45D7-96C2-9574B55B5D57}.Debug|ARM.ActiveCfg = Debug|Any CPU
		{FEE0CF89-D950-45D7-96C2-9574B55B5D57}.Debug|ARM.Build.0 = Debug|Any CPU
		{FEE0CF89-D950-45D7-96C2-9574B55B5D57}.Debug|ARM.Deploy.0 = Debug|Any CPU
		{FEE0CF89-D950-45D7-96C2-9574B55B5D57}.Debug|iPhone.ActiveCfg = Debug|Any CPU
		{FEE0CF89-D950-45D7-96C2-9574B55B5D57}.Debug|iPhone.Build.0 = Debug|Any CPU
		{FEE0CF89-D950-45D7-96C2-9574B55B5D57}.Debug|iPhone.Deploy.0 = Debug|Any CPU
		{FEE0CF89-D950-45D7-96C2-9574B55B5D57}.Debug|iPhoneSimulator.ActiveCfg = Debug|Any CPU
		{FEE0CF89-D950-45D7-96C2-9574B55B5D57}.Debug|iPhoneSimulator.Build.0 = Debug|Any CPU
		{FEE0CF89-D950-45D7-96C2-9574B55B5D57}.Debug|iPhoneSimulator.Deploy.0 = Debug|Any CPU
		{FEE0CF89-D950-45D7-96C2-9574B55B5D57}.Debug|x64.ActiveCfg = Debug|Any CPU
		{FEE0CF89-D950-45D7-96C2-9574B55B5D57}.Debug|x64.Build.0 = Debug|Any CPU
		{FEE0CF89-D950-45D7-96C2-9574B55B5D57}.Debug|x64.Deploy.0 = Debug|Any CPU
		{FEE0CF89-D950-45D7-96C2-9574B55B5D57}.Debug|x86.ActiveCfg = Debug|Any CPU
		{FEE0CF89-D950-45D7-96C2-9574B55B5D57}.Debug|x86.Build.0 = Debug|Any CPU
		{FEE0CF89-D950-45D7-96C2-9574B55B5D57}.Debug|x86.Deploy.0 = Debug|Any CPU
		{FEE0CF89-D950-45D7-96C2-9574B55B5D57}.Release|Any CPU.ActiveCfg = Release|Any CPU
		{FEE0CF89-D950-45D7-96C2-9574B55B5D57}.Release|Any CPU.Build.0 = Release|Any CPU
		{FEE0CF89-D950-45D7-96C2-9574B55B5D57}.Release|Any CPU.Deploy.0 = Release|Any CPU
		{FEE0CF89-D950-45D7-96C2-9574B55B5D57}.Release|ARM.ActiveCfg = Release|Any CPU
		{FEE0CF89-D950-45D7-96C2-9574B55B5D57}.Release|ARM.Build.0 = Release|Any CPU
		{FEE0CF89-D950-45D7-96C2-9574B55B5D57}.Release|ARM.Deploy.0 = Release|Any CPU
		{FEE0CF89-D950-45D7-96C2-9574B55B5D57}.Release|iPhone.ActiveCfg = Release|Any CPU
		{FEE0CF89-D950-45D7-96C2-9574B55B5D57}.Release|iPhone.Build.0 = Release|Any CPU
		{FEE0CF89-D950-45D7-96C2-9574B55B5D57}.Release|iPhone.Deploy.0 = Release|Any CPU
		{FEE0CF89-D950-45D7-96C2-9574B55B5D57}.Release|iPhoneSimulator.ActiveCfg = Release|Any CPU
		{FEE0CF89-D950-45D7-96C2-9574B55B5D57}.Release|iPhoneSimulator.Build.0 = Release|Any CPU
		{FEE0CF89-D950-45D7-96C2-9574B55B5D57}.Release|iPhoneSimulator.Deploy.0 = Release|Any CPU
		{FEE0CF89-D950-45D7-96C2-9574B55B5D57}.Release|x64.ActiveCfg = Release|Any CPU
		{FEE0CF89-D950-45D7-96C2-9574B55B5D57}.Release|x64.Build.0 = Release|Any CPU
		{FEE0CF89-D950-45D7-96C2-9574B55B5D57}.Release|x64.Deploy.0 = Release|Any CPU
		{FEE0CF89-D950-45D7-96C2-9574B55B5D57}.Release|x86.ActiveCfg = Release|Any CPU
		{FEE0CF89-D950-45D7-96C2-9574B55B5D57}.Release|x86.Build.0 = Release|Any CPU
		{FEE0CF89-D950-45D7-96C2-9574B55B5D57}.Release|x86.Deploy.0 = Release|Any CPU
		{BE5DC283-A468-4A4D-AC75-7EACC3CE14D7}.Ad-Hoc|Any CPU.ActiveCfg = Ad-Hoc|iPhone
		{BE5DC283-A468-4A4D-AC75-7EACC3CE14D7}.Ad-Hoc|Any CPU.Build.0 = Ad-Hoc|iPhone
		{BE5DC283-A468-4A4D-AC75-7EACC3CE14D7}.Ad-Hoc|Any CPU.Deploy.0 = Ad-Hoc|iPhone
		{BE5DC283-A468-4A4D-AC75-7EACC3CE14D7}.Ad-Hoc|ARM.ActiveCfg = Ad-Hoc|iPhone
		{BE5DC283-A468-4A4D-AC75-7EACC3CE14D7}.Ad-Hoc|ARM.Build.0 = Ad-Hoc|iPhone
		{BE5DC283-A468-4A4D-AC75-7EACC3CE14D7}.Ad-Hoc|ARM.Deploy.0 = Ad-Hoc|iPhone
		{BE5DC283-A468-4A4D-AC75-7EACC3CE14D7}.Ad-Hoc|iPhone.ActiveCfg = Ad-Hoc|iPhone
		{BE5DC283-A468-4A4D-AC75-7EACC3CE14D7}.Ad-Hoc|iPhone.Build.0 = Ad-Hoc|iPhone
		{BE5DC283-A468-4A4D-AC75-7EACC3CE14D7}.Ad-Hoc|iPhone.Deploy.0 = Ad-Hoc|iPhone
		{BE5DC283-A468-4A4D-AC75-7EACC3CE14D7}.Ad-Hoc|iPhoneSimulator.ActiveCfg = Ad-Hoc|iPhoneSimulator
		{BE5DC283-A468-4A4D-AC75-7EACC3CE14D7}.Ad-Hoc|iPhoneSimulator.Build.0 = Ad-Hoc|iPhoneSimulator
		{BE5DC283-A468-4A4D-AC75-7EACC3CE14D7}.Ad-Hoc|iPhoneSimulator.Deploy.0 = Ad-Hoc|iPhoneSimulator
		{BE5DC283-A468-4A4D-AC75-7EACC3CE14D7}.Ad-Hoc|x64.ActiveCfg = Ad-Hoc|iPhone
		{BE5DC283-A468-4A4D-AC75-7EACC3CE14D7}.Ad-Hoc|x64.Build.0 = Ad-Hoc|iPhone
		{BE5DC283-A468-4A4D-AC75-7EACC3CE14D7}.Ad-Hoc|x64.Deploy.0 = Ad-Hoc|iPhone
		{BE5DC283-A468-4A4D-AC75-7EACC3CE14D7}.Ad-Hoc|x86.ActiveCfg = Ad-Hoc|iPhone
		{BE5DC283-A468-4A4D-AC75-7EACC3CE14D7}.Ad-Hoc|x86.Build.0 = Ad-Hoc|iPhone
		{BE5DC283-A468-4A4D-AC75-7EACC3CE14D7}.Ad-Hoc|x86.Deploy.0 = Ad-Hoc|iPhone
		{BE5DC283-A468-4A4D-AC75-7EACC3CE14D7}.AppStore|Any CPU.ActiveCfg = AppStore|iPhone
		{BE5DC283-A468-4A4D-AC75-7EACC3CE14D7}.AppStore|Any CPU.Build.0 = AppStore|iPhone
		{BE5DC283-A468-4A4D-AC75-7EACC3CE14D7}.AppStore|Any CPU.Deploy.0 = AppStore|iPhone
		{BE5DC283-A468-4A4D-AC75-7EACC3CE14D7}.AppStore|ARM.ActiveCfg = AppStore|iPhone
		{BE5DC283-A468-4A4D-AC75-7EACC3CE14D7}.AppStore|ARM.Build.0 = AppStore|iPhone
		{BE5DC283-A468-4A4D-AC75-7EACC3CE14D7}.AppStore|ARM.Deploy.0 = AppStore|iPhone
		{BE5DC283-A468-4A4D-AC75-7EACC3CE14D7}.AppStore|iPhone.ActiveCfg = AppStore|iPhone
		{BE5DC283-A468-4A4D-AC75-7EACC3CE14D7}.AppStore|iPhone.Build.0 = AppStore|iPhone
		{BE5DC283-A468-4A4D-AC75-7EACC3CE14D7}.AppStore|iPhone.Deploy.0 = AppStore|iPhone
		{BE5DC283-A468-4A4D-AC75-7EACC3CE14D7}.AppStore|iPhoneSimulator.ActiveCfg = AppStore|iPhoneSimulator
		{BE5DC283-A468-4A4D-AC75-7EACC3CE14D7}.AppStore|iPhoneSimulator.Build.0 = AppStore|iPhoneSimulator
		{BE5DC283-A468-4A4D-AC75-7EACC3CE14D7}.AppStore|iPhoneSimulator.Deploy.0 = AppStore|iPhoneSimulator
		{BE5DC283-A468-4A4D-AC75-7EACC3CE14D7}.AppStore|x64.ActiveCfg = AppStore|iPhone
		{BE5DC283-A468-4A4D-AC75-7EACC3CE14D7}.AppStore|x64.Build.0 = AppStore|iPhone
		{BE5DC283-A468-4A4D-AC75-7EACC3CE14D7}.AppStore|x64.Deploy.0 = AppStore|iPhone
		{BE5DC283-A468-4A4D-AC75-7EACC3CE14D7}.AppStore|x86.ActiveCfg = AppStore|iPhone
		{BE5DC283-A468-4A4D-AC75-7EACC3CE14D7}.AppStore|x86.Build.0 = AppStore|iPhone
		{BE5DC283-A468-4A4D-AC75-7EACC3CE14D7}.AppStore|x86.Deploy.0 = AppStore|iPhone
		{BE5DC283-A468-4A4D-AC75-7EACC3CE14D7}.Debug|Any CPU.ActiveCfg = Debug|iPhoneSimulator
		{BE5DC283-A468-4A4D-AC75-7EACC3CE14D7}.Debug|Any CPU.Build.0 = Debug|iPhoneSimulator
		{BE5DC283-A468-4A4D-AC75-7EACC3CE14D7}.Debug|Any CPU.Deploy.0 = Debug|iPhoneSimulator
		{BE5DC283-A468-4A4D-AC75-7EACC3CE14D7}.Debug|ARM.ActiveCfg = Debug|iPhone
		{BE5DC283-A468-4A4D-AC75-7EACC3CE14D7}.Debug|ARM.Build.0 = Debug|iPhone
		{BE5DC283-A468-4A4D-AC75-7EACC3CE14D7}.Debug|ARM.Deploy.0 = Debug|iPhone
		{BE5DC283-A468-4A4D-AC75-7EACC3CE14D7}.Debug|iPhone.ActiveCfg = Debug|iPhone
		{BE5DC283-A468-4A4D-AC75-7EACC3CE14D7}.Debug|iPhone.Build.0 = Debug|iPhone
		{BE5DC283-A468-4A4D-AC75-7EACC3CE14D7}.Debug|iPhone.Deploy.0 = Debug|iPhone
		{BE5DC283-A468-4A4D-AC75-7EACC3CE14D7}.Debug|iPhoneSimulator.ActiveCfg = Debug|iPhoneSimulator
		{BE5DC283-A468-4A4D-AC75-7EACC3CE14D7}.Debug|iPhoneSimulator.Build.0 = Debug|iPhoneSimulator
		{BE5DC283-A468-4A4D-AC75-7EACC3CE14D7}.Debug|iPhoneSimulator.Deploy.0 = Debug|iPhoneSimulator
		{BE5DC283-A468-4A4D-AC75-7EACC3CE14D7}.Debug|x64.ActiveCfg = Debug|iPhone
		{BE5DC283-A468-4A4D-AC75-7EACC3CE14D7}.Debug|x64.Build.0 = Debug|iPhone
		{BE5DC283-A468-4A4D-AC75-7EACC3CE14D7}.Debug|x64.Deploy.0 = Debug|iPhone
		{BE5DC283-A468-4A4D-AC75-7EACC3CE14D7}.Debug|x86.ActiveCfg = Debug|iPhone
		{BE5DC283-A468-4A4D-AC75-7EACC3CE14D7}.Debug|x86.Build.0 = Debug|iPhone
		{BE5DC283-A468-4A4D-AC75-7EACC3CE14D7}.Debug|x86.Deploy.0 = Debug|iPhone
		{BE5DC283-A468-4A4D-AC75-7EACC3CE14D7}.Release|Any CPU.ActiveCfg = Release|iPhone
		{BE5DC283-A468-4A4D-AC75-7EACC3CE14D7}.Release|Any CPU.Build.0 = Release|iPhone
		{BE5DC283-A468-4A4D-AC75-7EACC3CE14D7}.Release|Any CPU.Deploy.0 = Release|iPhone
		{BE5DC283-A468-4A4D-AC75-7EACC3CE14D7}.Release|ARM.ActiveCfg = Release|iPhone
		{BE5DC283-A468-4A4D-AC75-7EACC3CE14D7}.Release|ARM.Build.0 = Release|iPhone
		{BE5DC283-A468-4A4D-AC75-7EACC3CE14D7}.Release|ARM.Deploy.0 = Release|iPhone
		{BE5DC283-A468-4A4D-AC75-7EACC3CE14D7}.Release|iPhone.ActiveCfg = Release|iPhone
		{BE5DC283-A468-4A4D-AC75-7EACC3CE14D7}.Release|iPhone.Build.0 = Release|iPhone
		{BE5DC283-A468-4A4D-AC75-7EACC3CE14D7}.Release|iPhone.Deploy.0 = Release|iPhone
		{BE5DC283-A468-4A4D-AC75-7EACC3CE14D7}.Release|iPhoneSimulator.ActiveCfg = Release|iPhoneSimulator
		{BE5DC283-A468-4A4D-AC75-7EACC3CE14D7}.Release|iPhoneSimulator.Build.0 = Release|iPhoneSimulator
		{BE5DC283-A468-4A4D-AC75-7EACC3CE14D7}.Release|iPhoneSimulator.Deploy.0 = Release|iPhoneSimulator
		{BE5DC283-A468-4A4D-AC75-7EACC3CE14D7}.Release|x64.ActiveCfg = Release|iPhone
		{BE5DC283-A468-4A4D-AC75-7EACC3CE14D7}.Release|x64.Build.0 = Release|iPhone
		{BE5DC283-A468-4A4D-AC75-7EACC3CE14D7}.Release|x64.Deploy.0 = Release|iPhone
		{BE5DC283-A468-4A4D-AC75-7EACC3CE14D7}.Release|x86.ActiveCfg = Release|iPhone
		{BE5DC283-A468-4A4D-AC75-7EACC3CE14D7}.Release|x86.Build.0 = Release|iPhone
		{BE5DC283-A468-4A4D-AC75-7EACC3CE14D7}.Release|x86.Deploy.0 = Release|iPhone
		{DF6F3B94-4D9A-4A6E-BBD9-A1B5CC3DCB61}.Ad-Hoc|Any CPU.ActiveCfg = Debug|Any CPU
		{DF6F3B94-4D9A-4A6E-BBD9-A1B5CC3DCB61}.Ad-Hoc|Any CPU.Build.0 = Debug|Any CPU
		{DF6F3B94-4D9A-4A6E-BBD9-A1B5CC3DCB61}.Ad-Hoc|Any CPU.Deploy.0 = Debug|Any CPU
		{DF6F3B94-4D9A-4A6E-BBD9-A1B5CC3DCB61}.Ad-Hoc|ARM.ActiveCfg = Debug|Any CPU
		{DF6F3B94-4D9A-4A6E-BBD9-A1B5CC3DCB61}.Ad-Hoc|ARM.Build.0 = Debug|Any CPU
		{DF6F3B94-4D9A-4A6E-BBD9-A1B5CC3DCB61}.Ad-Hoc|ARM.Deploy.0 = Debug|Any CPU
		{DF6F3B94-4D9A-4A6E-BBD9-A1B5CC3DCB61}.Ad-Hoc|iPhone.ActiveCfg = Debug|Any CPU
		{DF6F3B94-4D9A-4A6E-BBD9-A1B5CC3DCB61}.Ad-Hoc|iPhone.Build.0 = Debug|Any CPU
		{DF6F3B94-4D9A-4A6E-BBD9-A1B5CC3DCB61}.Ad-Hoc|iPhone.Deploy.0 = Debug|Any CPU
		{DF6F3B94-4D9A-4A6E-BBD9-A1B5CC3DCB61}.Ad-Hoc|iPhoneSimulator.ActiveCfg = Debug|Any CPU
		{DF6F3B94-4D9A-4A6E-BBD9-A1B5CC3DCB61}.Ad-Hoc|iPhoneSimulator.Build.0 = Debug|Any CPU
		{DF6F3B94-4D9A-4A6E-BBD9-A1B5CC3DCB61}.Ad-Hoc|iPhoneSimulator.Deploy.0 = Debug|Any CPU
		{DF6F3B94-4D9A-4A6E-BBD9-A1B5CC3DCB61}.Ad-Hoc|x64.ActiveCfg = Debug|Any CPU
		{DF6F3B94-4D9A-4A6E-BBD9-A1B5CC3DCB61}.Ad-Hoc|x64.Build.0 = Debug|Any CPU
		{DF6F3B94-4D9A-4A6E-BBD9-A1B5CC3DCB61}.Ad-Hoc|x64.Deploy.0 = Debug|Any CPU
		{DF6F3B94-4D9A-4A6E-BBD9-A1B5CC3DCB61}.Ad-Hoc|x86.ActiveCfg = Debug|Any CPU
		{DF6F3B94-4D9A-4A6E-BBD9-A1B5CC3DCB61}.Ad-Hoc|x86.Build.0 = Debug|Any CPU
		{DF6F3B94-4D9A-4A6E-BBD9-A1B5CC3DCB61}.Ad-Hoc|x86.Deploy.0 = Debug|Any CPU
		{DF6F3B94-4D9A-4A6E-BBD9-A1B5CC3DCB61}.AppStore|Any CPU.ActiveCfg = Debug|Any CPU
		{DF6F3B94-4D9A-4A6E-BBD9-A1B5CC3DCB61}.AppStore|Any CPU.Build.0 = Debug|Any CPU
		{DF6F3B94-4D9A-4A6E-BBD9-A1B5CC3DCB61}.AppStore|Any CPU.Deploy.0 = Debug|Any CPU
		{DF6F3B94-4D9A-4A6E-BBD9-A1B5CC3DCB61}.AppStore|ARM.ActiveCfg = Debug|Any CPU
		{DF6F3B94-4D9A-4A6E-BBD9-A1B5CC3DCB61}.AppStore|ARM.Build.0 = Debug|Any CPU
		{DF6F3B94-4D9A-4A6E-BBD9-A1B5CC3DCB61}.AppStore|ARM.Deploy.0 = Debug|Any CPU
		{DF6F3B94-4D9A-4A6E-BBD9-A1B5CC3DCB61}.AppStore|iPhone.ActiveCfg = Debug|Any CPU
		{DF6F3B94-4D9A-4A6E-BBD9-A1B5CC3DCB61}.AppStore|iPhone.Build.0 = Debug|Any CPU
		{DF6F3B94-4D9A-4A6E-BBD9-A1B5CC3DCB61}.AppStore|iPhone.Deploy.0 = Debug|Any CPU
		{DF6F3B94-4D9A-4A6E-BBD9-A1B5CC3DCB61}.AppStore|iPhoneSimulator.ActiveCfg = Debug|Any CPU
		{DF6F3B94-4D9A-4A6E-BBD9-A1B5CC3DCB61}.AppStore|iPhoneSimulator.Build.0 = Debug|Any CPU
		{DF6F3B94-4D9A-4A6E-BBD9-A1B5CC3DCB61}.AppStore|iPhoneSimulator.Deploy.0 = Debug|Any CPU
		{DF6F3B94-4D9A-4A6E-BBD9-A1B5CC3DCB61}.AppStore|x64.ActiveCfg = Debug|Any CPU
		{DF6F3B94-4D9A-4A6E-BBD9-A1B5CC3DCB61}.AppStore|x64.Build.0 = Debug|Any CPU
		{DF6F3B94-4D9A-4A6E-BBD9-A1B5CC3DCB61}.AppStore|x64.Deploy.0 = Debug|Any CPU
		{DF6F3B94-4D9A-4A6E-BBD9-A1B5CC3DCB61}.AppStore|x86.ActiveCfg = Debug|Any CPU
		{DF6F3B94-4D9A-4A6E-BBD9-A1B5CC3DCB61}.AppStore|x86.Build.0 = Debug|Any CPU
		{DF6F3B94-4D9A-4A6E-BBD9-A1B5CC3DCB61}.AppStore|x86.Deploy.0 = Debug|Any CPU
		{DF6F3B94-4D9A-4A6E-BBD9-A1B5CC3DCB61}.Debug|Any CPU.ActiveCfg = Debug|Any CPU
		{DF6F3B94-4D9A-4A6E-BBD9-A1B5CC3DCB61}.Debug|Any CPU.Build.0 = Debug|Any CPU
		{DF6F3B94-4D9A-4A6E-BBD9-A1B5CC3DCB61}.Debug|Any CPU.Deploy.0 = Debug|Any CPU
		{DF6F3B94-4D9A-4A6E-BBD9-A1B5CC3DCB61}.Debug|ARM.ActiveCfg = Debug|Any CPU
		{DF6F3B94-4D9A-4A6E-BBD9-A1B5CC3DCB61}.Debug|ARM.Build.0 = Debug|Any CPU
		{DF6F3B94-4D9A-4A6E-BBD9-A1B5CC3DCB61}.Debug|ARM.Deploy.0 = Debug|Any CPU
		{DF6F3B94-4D9A-4A6E-BBD9-A1B5CC3DCB61}.Debug|iPhone.ActiveCfg = Debug|Any CPU
		{DF6F3B94-4D9A-4A6E-BBD9-A1B5CC3DCB61}.Debug|iPhone.Build.0 = Debug|Any CPU
		{DF6F3B94-4D9A-4A6E-BBD9-A1B5CC3DCB61}.Debug|iPhone.Deploy.0 = Debug|Any CPU
		{DF6F3B94-4D9A-4A6E-BBD9-A1B5CC3DCB61}.Debug|iPhoneSimulator.ActiveCfg = Debug|Any CPU
		{DF6F3B94-4D9A-4A6E-BBD9-A1B5CC3DCB61}.Debug|iPhoneSimulator.Build.0 = Debug|Any CPU
		{DF6F3B94-4D9A-4A6E-BBD9-A1B5CC3DCB61}.Debug|iPhoneSimulator.Deploy.0 = Debug|Any CPU
		{DF6F3B94-4D9A-4A6E-BBD9-A1B5CC3DCB61}.Debug|x64.ActiveCfg = Debug|Any CPU
		{DF6F3B94-4D9A-4A6E-BBD9-A1B5CC3DCB61}.Debug|x64.Build.0 = Debug|Any CPU
		{DF6F3B94-4D9A-4A6E-BBD9-A1B5CC3DCB61}.Debug|x64.Deploy.0 = Debug|Any CPU
		{DF6F3B94-4D9A-4A6E-BBD9-A1B5CC3DCB61}.Debug|x86.ActiveCfg = Debug|Any CPU
		{DF6F3B94-4D9A-4A6E-BBD9-A1B5CC3DCB61}.Debug|x86.Build.0 = Debug|Any CPU
		{DF6F3B94-4D9A-4A6E-BBD9-A1B5CC3DCB61}.Debug|x86.Deploy.0 = Debug|Any CPU
		{DF6F3B94-4D9A-4A6E-BBD9-A1B5CC3DCB61}.Release|Any CPU.ActiveCfg = Release|Any CPU
		{DF6F3B94-4D9A-4A6E-BBD9-A1B5CC3DCB61}.Release|Any CPU.Build.0 = Release|Any CPU
		{DF6F3B94-4D9A-4A6E-BBD9-A1B5CC3DCB61}.Release|Any CPU.Deploy.0 = Release|Any CPU
		{DF6F3B94-4D9A-4A6E-BBD9-A1B5CC3DCB61}.Release|ARM.ActiveCfg = Release|Any CPU
		{DF6F3B94-4D9A-4A6E-BBD9-A1B5CC3DCB61}.Release|ARM.Build.0 = Release|Any CPU
		{DF6F3B94-4D9A-4A6E-BBD9-A1B5CC3DCB61}.Release|ARM.Deploy.0 = Release|Any CPU
		{DF6F3B94-4D9A-4A6E-BBD9-A1B5CC3DCB61}.Release|iPhone.ActiveCfg = Release|Any CPU
		{DF6F3B94-4D9A-4A6E-BBD9-A1B5CC3DCB61}.Release|iPhone.Build.0 = Release|Any CPU
		{DF6F3B94-4D9A-4A6E-BBD9-A1B5CC3DCB61}.Release|iPhone.Deploy.0 = Release|Any CPU
		{DF6F3B94-4D9A-4A6E-BBD9-A1B5CC3DCB61}.Release|iPhoneSimulator.ActiveCfg = Release|Any CPU
		{DF6F3B94-4D9A-4A6E-BBD9-A1B5CC3DCB61}.Release|iPhoneSimulator.Build.0 = Release|Any CPU
		{DF6F3B94-4D9A-4A6E-BBD9-A1B5CC3DCB61}.Release|iPhoneSimulator.Deploy.0 = Release|Any CPU
		{DF6F3B94-4D9A-4A6E-BBD9-A1B5CC3DCB61}.Release|x64.ActiveCfg = Release|Any CPU
		{DF6F3B94-4D9A-4A6E-BBD9-A1B5CC3DCB61}.Release|x64.Build.0 = Release|Any CPU
		{DF6F3B94-4D9A-4A6E-BBD9-A1B5CC3DCB61}.Release|x64.Deploy.0 = Release|Any CPU
		{DF6F3B94-4D9A-4A6E-BBD9-A1B5CC3DCB61}.Release|x86.ActiveCfg = Release|Any CPU
		{DF6F3B94-4D9A-4A6E-BBD9-A1B5CC3DCB61}.Release|x86.Build.0 = Release|Any CPU
		{DF6F3B94-4D9A-4A6E-BBD9-A1B5CC3DCB61}.Release|x86.Deploy.0 = Release|Any CPU
	EndGlobalSection
	GlobalSection(SolutionProperties) = preSolution
		HideSolutionNode = FALSE
	EndGlobalSection
	GlobalSection(ExtensibilityGlobals) = postSolution
		SolutionGuid = {73B902FD-93E5-43FC-95AE-E10B343B1105}
	EndGlobalSection
EndGlobal
